
Microsoft Visual Studio Solution File, Format Version 12.00
# Visual Studio Version 17
VisualStudioVersion = 17.10.35004.147
MinimumVisualStudioVersion = 10.0.40219.1
Project("{8BC9CEB8-8B4A-11D0-8D11-00A0C91BC942}") = "Three-Four", "Three-Four\Three-Four.vcxproj", "{9FE3920B-D8A5-4E19-AB2E-9350AB4BBBA7}"
EndProject
Global
	GlobalSection(SolutionConfigurationPlatforms) = preSolution
		Debug|x64 = Debug|x64
		Debug|x86 = Debug|x86
		Release|x64 = Release|x64
		Release|x86 = Release|x86
	EndGlobalSection
	GlobalSection(ProjectConfigurationPlatforms) = postSolution
		{9FE3920B-D8A5-4E19-AB2E-9350AB4BBBA7}.Debug|x64.ActiveCfg = Debug|x64
		{9FE3920B-D8A5-4E19-AB2E-9350AB4BBBA7}.Debug|x64.Build.0 = Debug|x64
		{9FE3920B-D8A5-4E19-AB2E-9350AB4BBBA7}.Debug|x86.ActiveCfg = Debug|Win32
		{9FE3920B-D8A5-4E19-AB2E-9350AB4BBBA7}.Debug|x86.Build.0 = Debug|Win32
		{9FE3920B-D8A5-4E19-AB2E-9350AB4BBBA7}.Release|x64.ActiveCfg = Release|x64
		{9FE3920B-D8A5-4E19-AB2E-9350AB4BBBA7}.Release|x64.Build.0 = Release|x64
		{9FE3920B-D8A5-4E19-AB2E-9350AB4BBBA7}.Release|x86.ActiveCfg = Release|Win32
		{9FE3920B-D8A5-4E19-AB2E-9350AB4BBBA7}.Release|x86.Build.0 = Release|Win32
	EndGlobalSection
	GlobalSection(SolutionProperties) = preSolution
		HideSolutionNode = FALSE
	EndGlobalSection
	GlobalSection(ExtensibilityGlobals) = postSolution
		SolutionGuid = {7117AB5F-2442-46E7-942B-421242041401}
	EndGlobalSection
EndGlobal
